// !$*UTF8*$!
{
	archiveVersion = 1;
	classes = {
	};
	objectVersion = 77;
	objects = {

/* Begin PBXBuildFile section */
		847EF0162EB2660700B068B2 /* Localizable.strings in Sources */ = {isa = PBXBuildFile; fileRef = 847EF0152EB2660700B068B2 /* Localizable.strings */; };
/* End PBXBuildFile section */

/* Begin PBXContainerItemProxy section */
		84F3502F2EAF7CEC00E9C8C9 /* PBXContainerItemProxy */ = {
			isa = PBXContainerItemProxy;
			containerPortal = 84F350172EAF7CEA00E9C8C9 /* Project object */;
			proxyType = 1;
			remoteGlobalIDString = 84F3501E2EAF7CEA00E9C8C9;
			remoteInfo = GreekWordsB1;
		};
		84F350392EAF7CEC00E9C8C9 /* PBXContainerItemProxy */ = {
			isa = PBXContainerItemProxy;
			containerPortal = 84F350172EAF7CEA00E9C8C9 /* Project object */;
			proxyType = 1;
			remoteGlobalIDString = 84F3501E2EAF7CEA00E9C8C9;
			remoteInfo = GreekWordsB1;
		};
/* End PBXContainerItemProxy section */

/* Begin PBXFileReference section */
		847EF0142EB2660700B068B2 /* en */ = {isa = PBXFileReference; lastKnownFileType = text.plist.strings; name = en; path = en.lproj/Localizable.strings; sourceTree = "<group>"; };
		847EF0172EB2660900B068B2 /* ru */ = {isa = PBXFileReference; lastKnownFileType = text.plist.strings; name = ru; path = ru.lproj/Localizable.strings; sourceTree = "<group>"; };
		84F3501F2EAF7CEA00E9C8C9 /* GreekWordsB1.app */ = {isa = PBXFileReference; explicitFileType = wrapper.application; includeInIndex = 0; path = GreekWordsB1.app; sourceTree = BUILT_PRODUCTS_DIR; };
		84F3502E2EAF7CEC00E9C8C9 /* GreekWordsB1Tests.xctest */ = {isa = PBXFileReference; explicitFileType = wrapper.cfbundle; includeInIndex = 0; path = GreekWordsB1Tests.xctest; sourceTree = BUILT_PRODUCTS_DIR; };
		84F350382EAF7CEC00E9C8C9 /* GreekWordsB1UITests.xctest */ = {isa = PBXFileReference; explicitFileType = wrapper.cfbundle; includeInIndex = 0; path = GreekWordsB1UITests.xctest; sourceTree = BUILT_PRODUCTS_DIR; };
/* End PBXFileReference section */

/* Begin PBXFileSystemSynchronizedRootGroup section */
		84F350212EAF7CEA00E9C8C9 /* GreekWordsB1 */ = {
			isa = PBXFileSystemSynchronizedRootGroup;
			path = GreekWordsB1;
			sourceTree = "<group>";
		};
		84F350312EAF7CEC00E9C8C9 /* GreekWordsB1Tests */ = {
			isa = PBXFileSystemSynchronizedRootGroup;
			path = GreekWordsB1Tests;
			sourceTree = "<group>";
		};
		84F3503B2EAF7CEC00E9C8C9 /* GreekWordsB1UITests */ = {
			isa = PBXFileSystemSynchronizedRootGroup;
			path = GreekWordsB1UITests;
			sourceTree = "<group>";
		};
/* End PBXFileSystemSynchronizedRootGroup section */

/* Begin PBXFrameworksBuildPhase section */
		84F3501C2EAF7CEA00E9C8C9 /* Frameworks */ = {
			isa = PBXFrameworksBuildPhase;
			buildActionMask = 2147483647;
			files = (
			);
			runOnlyForDeploymentPostprocessing = 0;
		};
		84F3502B2EAF7CEC00E9C8C9 /* Frameworks */ = {
			isa = PBXFrameworksBuildPhase;
			buildActionMask = 2147483647;
			files = (
			);
			runOnlyForDeploymentPostprocessing = 0;
		};
		84F350352EAF7CEC00E9C8C9 /* Frameworks */ = {
			isa = PBXFrameworksBuildPhase;
			buildActionMask = 2147483647;
			files = (
			);
			runOnlyForDeploymentPostprocessing = 0;
		};
/* End PBXFrameworksBuildPhase section */

/* Begin PBXGroup section */
		84F350162EAF7CEA00E9C8C9 = {
			isa = PBXGroup;
			children = (
				847EF0152EB2660700B068B2 /* Localizable.strings */,
				84F350212EAF7CEA00E9C8C9 /* GreekWordsB1 */,
				84F350312EAF7CEC00E9C8C9 /* GreekWordsB1Tests */,
				84F3503B2EAF7CEC00E9C8C9 /* GreekWordsB1UITests */,
				84F350202EAF7CEA00E9C8C9 /* Products */,
			);
			sourceTree = "<group>";
		};
		84F350202EAF7CEA00E9C8C9 /* Products */ = {
			isa = PBXGroup;
			children = (
				84F3501F2EAF7CEA00E9C8C9 /* GreekWordsB1.app */,
				84F3502E2EAF7CEC00E9C8C9 /* GreekWordsB1Tests.xctest */,
				84F350382EAF7CEC00E9C8C9 /* GreekWordsB1UITests.xctest */,
			);
			name = Products;
			sourceTree = "<group>";
		};
/* End PBXGroup section */

/* Begin PBXNativeTarget section */
		84F3501E2EAF7CEA00E9C8C9 /* GreekWordsB1 */ = {
			isa = PBXNativeTarget;
			buildConfigurationList = 84F350422EAF7CEC00E9C8C9 /* Build configuration list for PBXNativeTarget "GreekWordsB1" */;
			buildPhases = (
				84F3501B2EAF7CEA00E9C8C9 /* Sources */,
				84F3501C2EAF7CEA00E9C8C9 /* Frameworks */,
				84F3501D2EAF7CEA00E9C8C9 /* Resources */,
				84840B862EB3A0E900B20E0B /* ShellScript */,
			);
			buildRules = (
			);
			dependencies = (
			);
			fileSystemSynchronizedGroups = (
				84F350212EAF7CEA00E9C8C9 /* GreekWordsB1 */,
			);
			name = GreekWordsB1;
			packageProductDependencies = (
			);
			productName = GreekWordsB1;
			productReference = 84F3501F2EAF7CEA00E9C8C9 /* GreekWordsB1.app */;
			productType = "com.apple.product-type.application";
		};
		84F3502D2EAF7CEC00E9C8C9 /* GreekWordsB1Tests */ = {
			isa = PBXNativeTarget;
			buildConfigurationList = 84F350452EAF7CEC00E9C8C9 /* Build configuration list for PBXNativeTarget "GreekWordsB1Tests" */;
			buildPhases = (
				84F3502A2EAF7CEC00E9C8C9 /* Sources */,
				84F3502B2EAF7CEC00E9C8C9 /* Frameworks */,
				84F3502C2EAF7CEC00E9C8C9 /* Resources */,
			);
			buildRules = (
			);
			dependencies = (
				84F350302EAF7CEC00E9C8C9 /* PBXTargetDependency */,
			);
			fileSystemSynchronizedGroups = (
				84F350312EAF7CEC00E9C8C9 /* GreekWordsB1Tests */,
			);
			name = GreekWordsB1Tests;
			packageProductDependencies = (
			);
			productName = GreekWordsB1Tests;
			productReference = 84F3502E2EAF7CEC00E9C8C9 /* GreekWordsB1Tests.xctest */;
			productType = "com.apple.product-type.bundle.unit-test";
		};
		84F350372EAF7CEC00E9C8C9 /* GreekWordsB1UITests */ = {
			isa = PBXNativeTarget;
			buildConfigurationList = 84F350482EAF7CEC00E9C8C9 /* Build configuration list for PBXNativeTarget "GreekWordsB1UITests" */;
			buildPhases = (
				84F350342EAF7CEC00E9C8C9 /* Sources */,
				84F350352EAF7CEC00E9C8C9 /* Frameworks */,
				84F350362EAF7CEC00E9C8C9 /* Resources */,
			);
			buildRules = (
			);
			dependencies = (
				84F3503A2EAF7CEC00E9C8C9 /* PBXTargetDependency */,
			);
			fileSystemSynchronizedGroups = (
				84F3503B2EAF7CEC00E9C8C9 /* GreekWordsB1UITests */,
			);
			name = GreekWordsB1UITests;
			packageProductDependencies = (
			);
			productName = GreekWordsB1UITests;
			productReference = 84F350382EAF7CEC00E9C8C9 /* GreekWordsB1UITests.xctest */;
			productType = "com.apple.product-type.bundle.ui-testing";
		};
/* End PBXNativeTarget section */

/* Begin PBXProject section */
		84F350172EAF7CEA00E9C8C9 /* Project object */ = {
			isa = PBXProject;
			attributes = {
				BuildIndependentTargetsInParallel = 1;
				LastSwiftUpdateCheck = 2600;
				LastUpgradeCheck = 2600;
				TargetAttributes = {
					84F3501E2EAF7CEA00E9C8C9 = {
						CreatedOnToolsVersion = 26.0.1;
					};
					84F3502D2EAF7CEC00E9C8C9 = {
						CreatedOnToolsVersion = 26.0.1;
						TestTargetID = 84F3501E2EAF7CEA00E9C8C9;
					};
					84F350372EAF7CEC00E9C8C9 = {
						CreatedOnToolsVersion = 26.0.1;
						TestTargetID = 84F3501E2EAF7CEA00E9C8C9;
					};
				};
			};
			buildConfigurationList = 84F3501A2EAF7CEA00E9C8C9 /* Build configuration list for PBXProject "GreekWordsB1" */;
			developmentRegion = en;
			hasScannedForEncodings = 0;
			knownRegions = (
				en,
				Base,
				ru,
			);
			mainGroup = 84F350162EAF7CEA00E9C8C9;
			minimizedProjectReferenceProxies = 1;
			preferredProjectObjectVersion = 77;
			productRefGroup = 84F350202EAF7CEA00E9C8C9 /* Products */;
			projectDirPath = "";
			projectRoot = "";
			targets = (
				84F3501E2EAF7CEA00E9C8C9 /* GreekWordsB1 */,
				84F3502D2EAF7CEC00E9C8C9 /* GreekWordsB1Tests */,
				84F350372EAF7CEC00E9C8C9 /* GreekWordsB1UITests */,
			);
		};
/* End PBXProject section */

/* Begin PBXResourcesBuildPhase section */
		84F3501D2EAF7CEA00E9C8C9 /* Resources */ = {
			isa = PBXResourcesBuildPhase;
			buildActionMask = 2147483647;
			files = (
			);
			runOnlyForDeploymentPostprocessing = 0;
		};
		84F3502C2EAF7CEC00E9C8C9 /* Resources */ = {
			isa = PBXResourcesBuildPhase;
			buildActionMask = 2147483647;
			files = (
			);
			runOnlyForDeploymentPostprocessing = 0;
		};
		84F350362EAF7CEC00E9C8C9 /* Resources */ = {
			isa = PBXResourcesBuildPhase;
			buildActionMask = 2147483647;
			files = (
			);
			runOnlyForDeploymentPostprocessing = 0;
		};
/* End PBXResourcesBuildPhase section */

/* Begin PBXShellScriptBuildPhase section */
		84840B862EB3A0E900B20E0B /* ShellScript */ = {
			isa = PBXShellScriptBuildPhase;
			alwaysOutOfDate = 1;
			buildActionMask = 2147483647;
			files = (
			);
			inputFileListPaths = (
			);
			inputPaths = (
			);
			outputFileListPaths = (
			);
			outputPaths = (
			);
			runOnlyForDeploymentPostprocessing = 0;
			shellPath = /bin/sh;
			shellScript = "if [[ \"$(uname -m)\" == arm64 ]]; then\n    export PATH=\"/opt/homebrew/bin:$PATH\"\nfi\n\nif which swiftlint > /dev/null; then\n  swiftlint\nelse\n  echo \"warning: SwiftLint not installed, download from https://github.com/realm/SwiftLint\"\nfi\n";
		};
/* End PBXShellScriptBuildPhase section */

/* Begin PBXSourcesBuildPhase section */
		84F3501B2EAF7CEA00E9C8C9 /* Sources */ = {
			isa = PBXSourcesBuildPhase;
			buildActionMask = 2147483647;
			files = (
				847EF0162EB2660700B068B2 /* Localizable.strings in Sources */,
			);
			runOnlyForDeploymentPostprocessing = 0;
		};
		84F3502A2EAF7CEC00E9C8C9 /* Sources */ = {
			isa = PBXSourcesBuildPhase;
			buildActionMask = 2147483647;
			files = (
			);
			runOnlyForDeploymentPostprocessing = 0;
		};
		84F350342EAF7CEC00E9C8C9 /* Sources */ = {
			isa = PBXSourcesBuildPhase;
			buildActionMask = 2147483647;
			files = (
			);
			runOnlyForDeploymentPostprocessing = 0;
		};
/* End PBXSourcesBuildPhase section */

/* Begin PBXTargetDependency section */
		84F350302EAF7CEC00E9C8C9 /* PBXTargetDependency */ = {
			isa = PBXTargetDependency;
			target = 84F3501E2EAF7CEA00E9C8C9 /* GreekWordsB1 */;
			targetProxy = 84F3502F2EAF7CEC00E9C8C9 /* PBXContainerItemProxy */;
		};
		84F3503A2EAF7CEC00E9C8C9 /* PBXTargetDependency */ = {
			isa = PBXTargetDependency;
			target = 84F3501E2EAF7CEA00E9C8C9 /* GreekWordsB1 */;
			targetProxy = 84F350392EAF7CEC00E9C8C9 /* PBXContainerItemProxy */;
		};
/* End PBXTargetDependency section */

/* Begin PBXVariantGroup section */
		847EF0152EB2660700B068B2 /* Localizable.strings */ = {
			isa = PBXVariantGroup;
			children = (
				847EF0142EB2660700B068B2 /* en */,
				847EF0172EB2660900B068B2 /* ru */,
			);
			name = Localizable.strings;
			sourceTree = "<group>";
		};
/* End PBXVariantGroup section */

/* Begin XCBuildConfiguration section */
		84F350402EAF7CEC00E9C8C9 /* Debug */ = {
			isa = XCBuildConfiguration;
			buildSettings = {
				ALWAYS_SEARCH_USER_PATHS = NO;
				ASSETCATALOG_COMPILER_GENERATE_SWIFT_ASSET_SYMBOL_EXTENSIONS = YES;
				CLANG_ANALYZER_NONNULL = YES;
				CLANG_ANALYZER_NUMBER_OBJECT_CONVERSION = YES_AGGRESSIVE;
				CLANG_CXX_LANGUAGE_STANDARD = "gnu++20";
				CLANG_ENABLE_MODULES = YES;
				CLANG_ENABLE_OBJC_ARC = YES;
				CLANG_ENABLE_OBJC_WEAK = YES;
				CLANG_WARN_BLOCK_CAPTURE_AUTORELEASING = YES;
				CLANG_WARN_BOOL_CONVERSION = YES;
				CLANG_WARN_COMMA = YES;
				CLANG_WARN_CONSTANT_CONVERSION = YES;
				CLANG_WARN_DEPRECATED_OBJC_IMPLEMENTATIONS = YES;
				CLANG_WARN_DIRECT_OBJC_ISA_USAGE = YES_ERROR;
				CLANG_WARN_DOCUMENTATION_COMMENTS = YES;
				CLANG_WARN_EMPTY_BODY = YES;
				CLANG_WARN_ENUM_CONVERSION = YES;
				CLANG_WARN_INFINITE_RECURSION = YES;
				CLANG_WARN_INT_CONVERSION = YES;
				CLANG_WARN_NON_LITERAL_NULL_CONVERSION = YES;
				CLANG_WARN_OBJC_IMPLICIT_RETAIN_SELF = YES;
				CLANG_WARN_OBJC_LITERAL_CONVERSION = YES;
				CLANG_WARN_OBJC_ROOT_CLASS = YES_ERROR;
				CLANG_WARN_QUOTED_INCLUDE_IN_FRAMEWORK_HEADER = YES;
				CLANG_WARN_RANGE_LOOP_ANALYSIS = YES;
				CLANG_WARN_STRICT_PROTOTYPES = YES;
				CLANG_WARN_SUSPICIOUS_MOVE = YES;
				CLANG_WARN_UNGUARDED_AVAILABILITY = YES_AGGRESSIVE;
				CLANG_WARN_UNREACHABLE_CODE = YES;
				CLANG_WARN__DUPLICATE_METHOD_MATCH = YES;
				COPY_PHASE_STRIP = NO;
				DEBUG_INFORMATION_FORMAT = dwarf;
				DEVELOPMENT_TEAM = H2L9U6M2SX;
				ENABLE_STRICT_OBJC_MSGSEND = YES;
				ENABLE_TESTABILITY = YES;
				ENABLE_USER_SCRIPT_SANDBOXING = NO;
				GCC_C_LANGUAGE_STANDARD = gnu17;
				GCC_DYNAMIC_NO_PIC = NO;
				GCC_NO_COMMON_BLOCKS = YES;
				GCC_OPTIMIZATION_LEVEL = 0;
				GCC_PREPROCESSOR_DEFINITIONS = (
					"DEBUG=1",
					"$(inherited)",
				);
				GCC_WARN_64_TO_32_BIT_CONVERSION = YES;
				GCC_WARN_ABOUT_RETURN_TYPE = YES_ERROR;
				GCC_WARN_UNDECLARED_SELECTOR = YES;
				GCC_WARN_UNINITIALIZED_AUTOS = YES_AGGRESSIVE;
				GCC_WARN_UNUSED_FUNCTION = YES;
				GCC_WARN_UNUSED_VARIABLE = YES;
				IPHONEOS_DEPLOYMENT_TARGET = 26.0;
				LOCALIZATION_PREFERS_STRING_CATALOGS = YES;
				MTL_ENABLE_DEBUG_INFO = INCLUDE_SOURCE;
				MTL_FAST_MATH = YES;
				ONLY_ACTIVE_ARCH = YES;
				SDKROOT = iphoneos;
				SWIFT_ACTIVE_COMPILATION_CONDITIONS = "DEBUG $(inherited)";
				SWIFT_OPTIMIZATION_LEVEL = "-Onone";
			};
			name = Debug;
		};
		84F350412EAF7CEC00E9C8C9 /* Release */ = {
			isa = XCBuildConfiguration;
			buildSettings = {
				ALWAYS_SEARCH_USER_PATHS = NO;
				ASSETCATALOG_COMPILER_GENERATE_SWIFT_ASSET_SYMBOL_EXTENSIONS = YES;
				CLANG_ANALYZER_NONNULL = YES;
				CLANG_ANALYZER_NUMBER_OBJECT_CONVERSION = YES_AGGRESSIVE;
				CLANG_CXX_LANGUAGE_STANDARD = "gnu++20";
				CLANG_ENABLE_MODULES = YES;
				CLANG_ENABLE_OBJC_ARC = YES;
				CLANG_ENABLE_OBJC_WEAK = YES;
				CLANG_WARN_BLOCK_CAPTURE_AUTORELEASING = YES;
				CLANG_WARN_BOOL_CONVERSION = YES;
				CLANG_WARN_COMMA = YES;
				CLANG_WARN_CONSTANT_CONVERSION = YES;
				CLANG_WARN_DEPRECATED_OBJC_IMPLEMENTATIONS = YES;
				CLANG_WARN_DIRECT_OBJC_ISA_USAGE = YES_ERROR;
				CLANG_WARN_DOCUMENTATION_COMMENTS = YES;
				CLANG_WARN_EMPTY_BODY = YES;
				CLANG_WARN_ENUM_CONVERSION = YES;
				CLANG_WARN_INFINITE_RECURSION = YES;
				CLANG_WARN_INT_CONVERSION = YES;
				CLANG_WARN_NON_LITERAL_NULL_CONVERSION = YES;
				CLANG_WARN_OBJC_IMPLICIT_RETAIN_SELF = YES;
				CLANG_WARN_OBJC_LITERAL_CONVERSION = YES;
				CLANG_WARN_OBJC_ROOT_CLASS = YES_ERROR;
				CLANG_WARN_QUOTED_INCLUDE_IN_FRAMEWORK_HEADER = YES;
				CLANG_WARN_RANGE_LOOP_ANALYSIS = YES;
				CLANG_WARN_STRICT_PROTOTYPES = YES;
				CLANG_WARN_SUSPICIOUS_MOVE = YES;
				CLANG_WARN_UNGUARDED_AVAILABILITY = YES_AGGRESSIVE;
				CLANG_WARN_UNREACHABLE_CODE = YES;
				CLANG_WARN__DUPLICATE_METHOD_MATCH = YES;
				COPY_PHASE_STRIP = NO;
				DEBUG_INFORMATION_FORMAT = "dwarf-with-dsym";
				DEVELOPMENT_TEAM = H2L9U6M2SX;
				ENABLE_NS_ASSERTIONS = NO;
				ENABLE_STRICT_OBJC_MSGSEND = YES;
				ENABLE_USER_SCRIPT_SANDBOXING = NO;
				GCC_C_LANGUAGE_STANDARD = gnu17;
				GCC_NO_COMMON_BLOCKS = YES;
				GCC_WARN_64_TO_32_BIT_CONVERSION = YES;
				GCC_WARN_ABOUT_RETURN_TYPE = YES_ERROR;
				GCC_WARN_UNDECLARED_SELECTOR = YES;
				GCC_WARN_UNINITIALIZED_AUTOS = YES_AGGRESSIVE;
				GCC_WARN_UNUSED_FUNCTION = YES;
				GCC_WARN_UNUSED_VARIABLE = YES;
				IPHONEOS_DEPLOYMENT_TARGET = 26.0;
				LOCALIZATION_PREFERS_STRING_CATALOGS = YES;
				MTL_ENABLE_DEBUG_INFO = NO;
				MTL_FAST_MATH = YES;
				SDKROOT = iphoneos;
				SWIFT_COMPILATION_MODE = wholemodule;
				VALIDATE_PRODUCT = YES;
			};
			name = Release;
		};
		84F350432EAF7CEC00E9C8C9 /* Debug */ = {
			isa = XCBuildConfiguration;
			buildSettings = {
				ASSETCATALOG_COMPILER_APPICON_NAME = AppIcon;
				ASSETCATALOG_COMPILER_GLOBAL_ACCENT_COLOR_NAME = AccentColor;
				CODE_SIGN_STYLE = Automatic;
				CURRENT_PROJECT_VERSION = 1;
				DEVELOPMENT_TEAM = H2L9U6M2SX;
				ENABLE_PREVIEWS = YES;
				GENERATE_INFOPLIST_FILE = YES;
				INFOPLIST_KEY_UIApplicationSceneManifest_Generation = YES;
				INFOPLIST_KEY_UIApplicationSupportsIndirectInputEvents = YES;
				INFOPLIST_KEY_UILaunchScreen_Generation = YES;
				INFOPLIST_KEY_UISupportedInterfaceOrientations = "UIInterfaceOrientationLandscapeLeft UIInterfaceOrientationLandscapeRight UIInterfaceOrientationPortrait UIInterfaceOrientationPortraitUpsideDown";
				IPHONEOS_DEPLOYMENT_TARGET = 18.6;
				LD_RUNPATH_SEARCH_PATHS = (
					"$(inherited)",
					"@executable_path/Frameworks",
				);
				MARKETING_VERSION = 1.0;
				PRODUCT_BUNDLE_IDENTIFIER = ru.azonaz.GreekWordsB1;
				PRODUCT_NAME = "$(TARGET_NAME)";
				STRING_CATALOG_GENERATE_SYMBOLS = YES;
				SUPPORTED_PLATFORMS = "iphoneos iphonesimulator";
				SUPPORTS_MACCATALYST = NO;
				SUPPORTS_XR_DESIGNED_FOR_IPHONE_IPAD = NO;
				SWIFT_APPROACHABLE_CONCURRENCY = YES;
				SWIFT_DEFAULT_ACTOR_ISOLATION = MainActor;
				SWIFT_EMIT_LOC_STRINGS = YES;
				SWIFT_UPCOMING_FEATURE_MEMBER_IMPORT_VISIBILITY = YES;
				SWIFT_VERSION = 5.0;
				TARGETED_DEVICE_FAMILY = "1,2";
			};
			name = Debug;
		};
		84F350442EAF7CEC00E9C8C9 /* Release */ = {
			isa = XCBuildConfiguration;
			buildSettings = {
				ASSETCATALOG_COMPILER_APPICON_NAME = AppIcon;
				ASSETCATALOG_COMPILER_GLOBAL_ACCENT_COLOR_NAME = AccentColor;
				CODE_SIGN_STYLE = Automatic;
				CURRENT_PROJECT_VERSION = 1;
				DEVELOPMENT_TEAM = H2L9U6M2SX;
				ENABLE_PREVIEWS = YES;
				GENERATE_INFOPLIST_FILE = YES;
				INFOPLIST_KEY_UIApplicationSceneManifest_Generation = YES;
				INFOPLIST_KEY_UIApplicationSupportsIndirectInputEvents = YES;
				INFOPLIST_KEY_UILaunchScreen_Generation = YES;
				INFOPLIST_KEY_UISupportedInterfaceOrientations = "UIInterfaceOrientationLandscapeLeft UIInterfaceOrientationLandscapeRight UIInterfaceOrientationPortrait UIInterfaceOrientationPortraitUpsideDown";
				IPHONEOS_DEPLOYMENT_TARGET = 18.6;
				LD_RUNPATH_SEARCH_PATHS = (
					"$(inherited)",
					"@executable_path/Frameworks",
				);
				MARKETING_VERSION = 1.0;
				PRODUCT_BUNDLE_IDENTIFIER = ru.azonaz.GreekWordsB1;
				PRODUCT_NAME = "$(TARGET_NAME)";
				STRING_CATALOG_GENERATE_SYMBOLS = YES;
				SUPPORTED_PLATFORMS = "iphoneos iphonesimulator";
				SUPPORTS_MACCATALYST = NO;
				SUPPORTS_XR_DESIGNED_FOR_IPHONE_IPAD = NO;
				SWIFT_APPROACHABLE_CONCURRENCY = YES;
				SWIFT_DEFAULT_ACTOR_ISOLATION = MainActor;
				SWIFT_EMIT_LOC_STRINGS = YES;
				SWIFT_UPCOMING_FEATURE_MEMBER_IMPORT_VISIBILITY = YES;
				SWIFT_VERSION = 5.0;
				TARGETED_DEVICE_FAMILY = "1,2";
			};
			name = Release;
		};
		84F350462EAF7CEC00E9C8C9 /* Debug */ = {
			isa = XCBuildConfiguration;
			buildSettings = {
				BUNDLE_LOADER = "$(TEST_HOST)";
				CODE_SIGN_STYLE = Automatic;
				CURRENT_PROJECT_VERSION = 1;
				DEVELOPMENT_TEAM = H2L9U6M2SX;
				GENERATE_INFOPLIST_FILE = YES;
				IPHONEOS_DEPLOYMENT_TARGET = 26.0;
				MARKETING_VERSION = 1.0;
				PRODUCT_BUNDLE_IDENTIFIER = ru.azonaz.GreekWordsB1Tests;
				PRODUCT_NAME = "$(TARGET_NAME)";
				STRING_CATALOG_GENERATE_SYMBOLS = NO;
				SWIFT_APPROACHABLE_CONCURRENCY = YES;
				SWIFT_EMIT_LOC_STRINGS = NO;
				SWIFT_UPCOMING_FEATURE_MEMBER_IMPORT_VISIBILITY = YES;
				SWIFT_VERSION = 5.0;
				TARGETED_DEVICE_FAMILY = "1,2";
				TEST_HOST = "$(BUILT_PRODUCTS_DIR)/GreekWordsB1.app/$(BUNDLE_EXECUTABLE_FOLDER_PATH)/GreekWordsB1";
			};
			name = Debug;
		};
		84F350472EAF7CEC00E9C8C9 /* Release */ = {
			isa = XCBuildConfiguration;
			buildSettings = {
				BUNDLE_LOADER = "$(TEST_HOST)";
				CODE_SIGN_STYLE = Automatic;
				CURRENT_PROJECT_VERSION = 1;
				DEVELOPMENT_TEAM = H2L9U6M2SX;
				GENERATE_INFOPLIST_FILE = YES;
				IPHONEOS_DEPLOYMENT_TARGET = 26.0;
				MARKETING_VERSION = 1.0;
				PRODUCT_BUNDLE_IDENTIFIER = ru.azonaz.GreekWordsB1Tests;
				PRODUCT_NAME = "$(TARGET_NAME)";
				STRING_CATALOG_GENERATE_SYMBOLS = NO;
				SWIFT_APPROACHABLE_CONCURRENCY = YES;
				SWIFT_EMIT_LOC_STRINGS = NO;
				SWIFT_UPCOMING_FEATURE_MEMBER_IMPORT_VISIBILITY = YES;
				SWIFT_VERSION = 5.0;
				TARGETED_DEVICE_FAMILY = "1,2";
				TEST_HOST = "$(BUILT_PRODUCTS_DIR)/GreekWordsB1.app/$(BUNDLE_EXECUTABLE_FOLDER_PATH)/GreekWordsB1";
			};
			name = Release;
		};
		84F350492EAF7CEC00E9C8C9 /* Debug */ = {
			isa = XCBuildConfiguration;
			buildSettings = {
				CODE_SIGN_STYLE = Automatic;
				CURRENT_PROJECT_VERSION = 1;
				DEVELOPMENT_TEAM = H2L9U6M2SX;
				GENERATE_INFOPLIST_FILE = YES;
				MARKETING_VERSION = 1.0;
				PRODUCT_BUNDLE_IDENTIFIER = ru.azonaz.GreekWordsB1UITests;
				PRODUCT_NAME = "$(TARGET_NAME)";
				STRING_CATALOG_GENERATE_SYMBOLS = NO;
				SWIFT_APPROACHABLE_CONCURRENCY = YES;
				SWIFT_EMIT_LOC_STRINGS = NO;
				SWIFT_UPCOMING_FEATURE_MEMBER_IMPORT_VISIBILITY = YES;
				SWIFT_VERSION = 5.0;
				TARGETED_DEVICE_FAMILY = "1,2";
				TEST_TARGET_NAME = GreekWordsB1;
			};
			name = Debug;
		};
		84F3504A2EAF7CEC00E9C8C9 /* Release */ = {
			isa = XCBuildConfiguration;
			buildSettings = {
				CODE_SIGN_STYLE = Automatic;
				CURRENT_PROJECT_VERSION = 1;
				DEVELOPMENT_TEAM = H2L9U6M2SX;
				GENERATE_INFOPLIST_FILE = YES;
				MARKETING_VERSION = 1.0;
				PRODUCT_BUNDLE_IDENTIFIER = ru.azonaz.GreekWordsB1UITests;
				PRODUCT_NAME = "$(TARGET_NAME)";
				STRING_CATALOG_GENERATE_SYMBOLS = NO;
				SWIFT_APPROACHABLE_CONCURRENCY = YES;
				SWIFT_EMIT_LOC_STRINGS = NO;
				SWIFT_UPCOMING_FEATURE_MEMBER_IMPORT_VISIBILITY = YES;
				SWIFT_VERSION = 5.0;
				TARGETED_DEVICE_FAMILY = "1,2";
				TEST_TARGET_NAME = GreekWordsB1;
			};
			name = Release;
		};
/* End XCBuildConfiguration section */

/* Begin XCConfigurationList section */
		84F3501A2EAF7CEA00E9C8C9 /* Build configuration list for PBXProject "GreekWordsB1" */ = {
			isa = XCConfigurationList;
			buildConfigurations = (
				84F350402EAF7CEC00E9C8C9 /* Debug */,
				84F350412EAF7CEC00E9C8C9 /* Release */,
			);
			defaultConfigurationIsVisible = 0;
			defaultConfigurationName = Release;
		};
		84F350422EAF7CEC00E9C8C9 /* Build configuration list for PBXNativeTarget "GreekWordsB1" */ = {
			isa = XCConfigurationList;
			buildConfigurations = (
				84F350432EAF7CEC00E9C8C9 /* Debug */,
				84F350442EAF7CEC00E9C8C9 /* Release */,
			);
			defaultConfigurationIsVisible = 0;
			defaultConfigurationName = Release;
		};
		84F350452EAF7CEC00E9C8C9 /* Build configuration list for PBXNativeTarget "GreekWordsB1Tests" */ = {
			isa = XCConfigurationList;
			buildConfigurations = (
				84F350462EAF7CEC00E9C8C9 /* Debug */,
				84F350472EAF7CEC00E9C8C9 /* Release */,
			);
			defaultConfigurationIsVisible = 0;
			defaultConfigurationName = Release;
		};
		84F350482EAF7CEC00E9C8C9 /* Build configuration list for PBXNativeTarget "GreekWordsB1UITests" */ = {
			isa = XCConfigurationList;
			buildConfigurations = (
				84F350492EAF7CEC00E9C8C9 /* Debug */,
				84F3504A2EAF7CEC00E9C8C9 /* Release */,
			);
			defaultConfigurationIsVisible = 0;
			defaultConfigurationName = Release;
		};
/* End XCConfigurationList section */
	};
	rootObject = 84F350172EAF7CEA00E9C8C9 /* Project object */;
}
